<?xml version="1.0" encoding="utf-8"?>
<Project ToolsVersion="4.0" xmlns="http://schemas.microsoft.com/developer/msbuild/2003">
  <ItemGroup>
    <Filter Include="Source Files">
      <UniqueIdentifier>{4FC737F1-C7A5-4376-A066-2A32D752A2FF}</UniqueIdentifier>
      <Extensions>cpp;c;cc;cxx;def;odl;idl;hpj;bat;asm;asmx</Extensions>
    </Filter>
    <Filter Include="Header Files">
      <UniqueIdentifier>{93995380-89BD-4b04-88EB-625FBE52EBFB}</UniqueIdentifier>
      <Extensions>h;hpp;hxx;hm;inl;inc;xsd</Extensions>
    </Filter>
    <Filter Include="Resource Files">
      <UniqueIdentifier>{67DA6AB6-F800-4c08-8B7A-83BB121AAD01}</UniqueIdentifier>
      <Extensions>rc;ico;cur;bmp;dlg;rc2;rct;bin;rgs;gif;jpg;jpeg;jpe;resx;tiff;tif;png;wav</Extensions>
    </Filter>
  </ItemGroup>
  <ItemGroup>
    <ClCompile Include="..\..\libmodi\libmodi.c">
      <Filter>Source Files</Filter>
    </ClCompile>
    <ClCompile Include="..\..\libmodi\libmodi_adc.c">
      <Filter>Source Files</Filter>
    </ClCompile>
    <ClCompile Include="..\..\libmodi\libmodi_bands_data_handle.c">
      <Filter>Source Files</Filter>
    </ClCompile>
    <ClCompile Include="..\..\libmodi\libmodi_block_chunks_data_handle.c">
      <Filter>Source Files</Filter>
    </ClCompile>
    <ClCompile Include="..\..\libmodi\libmodi_compression.c">
      <Filter>Source Files</Filter>
    </ClCompile>
    <ClCompile Include="..\..\libmodi\libmodi_data_block.c">
      <Filter>Source Files</Filter>
    </ClCompile>
    <ClCompile Include="..\..\libmodi\libmodi_debug.c">
      <Filter>Source Files</Filter>
    </ClCompile>
    <ClCompile Include="..\..\libmodi\libmodi_deflate.c">
      <Filter>Source Files</Filter>
    </ClCompile>
    <ClCompile Include="..\..\libmodi\libmodi_error.c">
      <Filter>Source Files</Filter>
    </ClCompile>
    <ClCompile Include="..\..\libmodi\libmodi_handle.c">
      <Filter>Source Files</Filter>
    </ClCompile>
    <ClCompile Include="..\..\libmodi\libmodi_i18n.c">
      <Filter>Source Files</Filter>
    </ClCompile>
    <ClCompile Include="..\..\libmodi\libmodi_io_handle.c">
      <Filter>Source Files</Filter>
    </ClCompile>
    <ClCompile Include="..\..\libmodi\libmodi_notify.c">
      <Filter>Source Files</Filter>
    </ClCompile>
    <ClCompile Include="..\..\libmodi\libmodi_sparse_bundle_xml_plist.c">
      <Filter>Source Files</Filter>
    </ClCompile>
    <ClCompile Include="..\..\libmodi\libmodi_sparse_image_header.c">
      <Filter>Source Files</Filter>
    </ClCompile>
    <ClCompile Include="..\..\libmodi\libmodi_support.c">
      <Filter>Source Files</Filter>
    </ClCompile>
    <ClCompile Include="..\..\libmodi\libmodi_system_string.c">
      <Filter>Source Files</Filter>
    </ClCompile>
    <ClCompile Include="..\..\libmodi\libmodi_udif_block_table.c">
      <Filter>Source Files</Filter>
    </ClCompile>
    <ClCompile Include="..\..\libmodi\libmodi_udif_block_table_entry.c">
      <Filter>Source Files</Filter>
    </ClCompile>
    <ClCompile Include="..\..\libmodi\libmodi_udif_resource_file.c">
      <Filter>Source Files</Filter>
    </ClCompile>
    <ClCompile Include="..\..\libmodi\libmodi_udif_xml_plist.c">
      <Filter>Source Files</Filter>
    </ClCompile>
  </ItemGroup>
  <ItemGroup>
    <ClInclude Include="..\..\libmodi\libmodi_adc.h">
      <Filter>Header Files</Filter>
    </ClInclude>
    <ClInclude Include="..\..\libmodi\libmodi_bands_data_handle.h">
      <Filter>Header Files</Filter>
    </ClInclude>
    <ClInclude Include="..\..\libmodi\libmodi_block_chunks_data_handle.h">
      <Filter>Header Files</Filter>
    </ClInclude>
    <ClInclude Include="..\..\libmodi\libmodi_codepage.h">
      <Filter>Header Files</Filter>
    </ClInclude>
    <ClInclude Include="..\..\libmodi\libmodi_compression.h">
      <Filter>Header Files</Filter>
    </ClInclude>
    <ClInclude Include="..\..\libmodi\libmodi_data_block.h">
      <Filter>Header Files</Filter>
    </ClInclude>
    <ClInclude Include="..\..\libmodi\libmodi_debug.h">
      <Filter>Header Files</Filter>
    </ClInclude>
    <ClInclude Include="..\..\libmodi\libmodi_definitions.h">
      <Filter>Header Files</Filter>
    </ClInclude>
    <ClInclude Include="..\..\libmodi\libmodi_deflate.h">
      <Filter>Header Files</Filter>
    </ClInclude>
    <ClInclude Include="..\..\libmodi\libmodi_error.h">
      <Filter>Header Files</Filter>
    </ClInclude>
    <ClInclude Include="..\..\libmodi\libmodi_extern.h">
      <Filter>Header Files</Filter>
    </ClInclude>
    <ClInclude Include="..\..\libmodi\libmodi_handle.h">
      <Filter>Header Files</Filter>
    </ClInclude>
    <ClInclude Include="..\..\libmodi\libmodi_i18n.h">
      <Filter>Header Files</Filter>
    </ClInclude>
    <ClInclude Include="..\..\libmodi\libmodi_io_handle.h">
      <Filter>Header Files</Filter>
    </ClInclude>
    <ClInclude Include="..\..\libmodi\libmodi_libbfio.h">
      <Filter>Header Files</Filter>
    </ClInclude>
    <ClInclude Include="..\..\libmodi\libmodi_libcdata.h">
      <Filter>Header Files</Filter>
    </ClInclude>
    <ClInclude Include="..\..\libmodi\libmodi_libcdirectory.h">
      <Filter>Header Files</Filter>
    </ClInclude>
    <ClInclude Include="..\..\libmodi\libmodi_libcerror.h">
      <Filter>Header Files</Filter>
    </ClInclude>
    <ClInclude Include="..\..\libmodi\libmodi_libcfile.h">
      <Filter>Header Files</Filter>
    </ClInclude>
    <ClInclude Include="..\..\libmodi\libmodi_libclocale.h">
      <Filter>Header Files</Filter>
    </ClInclude>
    <ClInclude Include="..\..\libmodi\libmodi_libcnotify.h">
      <Filter>Header Files</Filter>
    </ClInclude>
    <ClInclude Include="..\..\libmodi\libmodi_libcpath.h">
      <Filter>Header Files</Filter>
    </ClInclude>
    <ClInclude Include="..\..\libmodi\libmodi_libcthreads.h">
      <Filter>Header Files</Filter>
    </ClInclude>
    <ClInclude Include="..\..\libmodi\libmodi_libfcache.h">
      <Filter>Header Files</Filter>
    </ClInclude>
    <ClInclude Include="..\..\libmodi\libmodi_libfdata.h">
      <Filter>Header Files</Filter>
    </ClInclude>
    <ClInclude Include="..\..\libmodi\libmodi_libfplist.h">
      <Filter>Header Files</Filter>
    </ClInclude>
    <ClInclude Include="..\..\libmodi\libmodi_libfvalue.h">
      <Filter>Header Files</Filter>
    </ClInclude>
    <ClInclude Include="..\..\libmodi\libmodi_libuna.h">
      <Filter>Header Files</Filter>
    </ClInclude>
    <ClInclude Include="..\..\libmodi\libmodi_notify.h">
      <Filter>Header Files</Filter>
    </ClInclude>
    <ClInclude Include="..\..\libmodi\libmodi_sparse_bundle_xml_plist.h">
      <Filter>Header Files</Filter>
    </ClInclude>
    <ClInclude Include="..\..\libmodi\libmodi_sparse_image_header.h">
      <Filter>Header Files</Filter>
    </ClInclude>
    <ClInclude Include="..\..\libmodi\libmodi_support.h">
      <Filter>Header Files</Filter>
    </ClInclude>
    <ClInclude Include="..\..\libmodi\libmodi_system_string.h">
      <Filter>Header Files</Filter>
    </ClInclude>
    <ClInclude Include="..\..\libmodi\libmodi_types.h">
      <Filter>Header Files</Filter>
    </ClInclude>
    <ClInclude Include="..\..\libmodi\libmodi_udif_block_table.h">
      <Filter>Header Files</Filter>
    </ClInclude>
    <ClInclude Include="..\..\libmodi\libmodi_udif_block_table_entry.h">
      <Filter>Header Files</Filter>
    </ClInclude>
    <ClInclude Include="..\..\libmodi\libmodi_udif_resource_file.h">
      <Filter>Header Files</Filter>
    </ClInclude>
    <ClInclude Include="..\..\libmodi\libmodi_udif_xml_plist.h">
      <Filter>Header Files</Filter>
    </ClInclude>
    <ClInclude Include="..\..\libmodi\libmodi_unused.h">
      <Filter>Header Files</Filter>
    </ClInclude>
    <ClInclude Include="..\..\libmodi\modi_sparse_image_header.h">
      <Filter>Header Files</Filter>
    </ClInclude>
    <ClInclude Include="..\..\libmodi\modi_udif_block_table.h">
      <Filter>Header Files</Filter>
    </ClInclude>
    <ClInclude Include="..\..\libmodi\modi_udif_resource_file.h">
      <Filter>Header Files</Filter>
    </ClInclude>
  </ItemGroup>
  <ItemGroup>
    <ResourceCompile Include="..\..\libmodi\libmodi.rc">
      <Filter>Resource Files</Filter>
    </ResourceCompile>
  </ItemGroup>
</Project>